// !$*UTF8*$!
{
	archiveVersion = 1;
	classes = {
	};
	objectVersion = 77;
	objects = {

/* Begin PBXBuildFile section */
		02CA84D7543255C2C03CD422 /* DocumentDetectionGeometryMapperTests.swift in Sources */ = {isa = PBXBuildFile; fileRef = 2AB50129202EF306E40F064B /* DocumentDetectionGeometryMapperTests.swift */; };
		064F1809BBEA4CCD7E4A8DE8 /* ExportModePanel.swift in Sources */ = {isa = PBXBuildFile; fileRef = 0A1A6F17F606DA74C2C4D279 /* ExportModePanel.swift */; };
		09E03A547233D5BDA512A73A /* VisualDocumentRegionDetector.swift in Sources */ = {isa = PBXBuildFile; fileRef = 87B5AFDD8C979228AF23875B /* VisualDocumentRegionDetector.swift */; };
		119BE043B6C8D232AED4F6EC /* ToughScanCore in Frameworks */ = {isa = PBXBuildFile; productRef = CC76BE126EA17E2305CA4442 /* ToughScanCore */; };
		11DF4FA95A61D6CD03A157A0 /* RecoveredTextCopyController.swift in Sources */ = {isa = PBXBuildFile; fileRef = 51694339A9D9333FB18A8BCE /* RecoveredTextCopyController.swift */; };
		123330114C57E51761208674 /* VisualDocumentBitmap.swift in Sources */ = {isa = PBXBuildFile; fileRef = 584047A2C608449817B1B99F /* VisualDocumentBitmap.swift */; };
		171FB596FE83BF3FEF4AB446 /* VisualDocumentRegionCandidateFilter.swift in Sources */ = {isa = PBXBuildFile; fileRef = D7C022272C52FB7BDE36AEFD /* VisualDocumentRegionCandidateFilter.swift */; };
		193404B4408A950C8FDAAF50 /* StructuredDocument.swift in Sources */ = {isa = PBXBuildFile; fileRef = ADA53CF71A6AB39C966E83BE /* StructuredDocument.swift */; };
		1B23A6EFEF4D84A940CE826A /* FrameQualityAnalyzer.swift in Sources */ = {isa = PBXBuildFile; fileRef = B66AF5629F3F7E4609907C3A /* FrameQualityAnalyzer.swift */; };
		1EC95E4742E840EE6EB244C5 /* DocumentIntelligenceService.swift in Sources */ = {isa = PBXBuildFile; fileRef = 2E264BEA743CCAEE0A44FF0C /* DocumentIntelligenceService.swift */; };
		231D7CC1BA73079C68875B07 /* ReviewPageSet.swift in Sources */ = {isa = PBXBuildFile; fileRef = 2EB6CEAF54867DBC8F21B6EF /* ReviewPageSet.swift */; };
		23E777A50A32DF3046B731F1 /* ScanExportModeAvailabilityTests.swift in Sources */ = {isa = PBXBuildFile; fileRef = 0EF727542790FF3F411887D8 /* ScanExportModeAvailabilityTests.swift */; };
		27395B660D657BA9E7D13A35 /* DocumentSnapshot.swift in Sources */ = {isa = PBXBuildFile; fileRef = 1C77B0B2E436293F82CC24B5 /* DocumentSnapshot.swift */; };
		28365114806EB29739E45EFB /* ScannedPage.swift in Sources */ = {isa = PBXBuildFile; fileRef = 7749FCCACE9535C80BBA6BB7 /* ScannedPage.swift */; };
		28562DD79D9EAB33278177FF /* ScanReviewState.swift in Sources */ = {isa = PBXBuildFile; fileRef = 3680C78090F4A2A5F36F41D4 /* ScanReviewState.swift */; };
		2915244E225E3D311A06A6C9 /* FrameQualityAnalyzer.swift in Sources */ = {isa = PBXBuildFile; fileRef = B66AF5629F3F7E4609907C3A /* FrameQualityAnalyzer.swift */; };
		2B696AADB91146E439692099 /* StructuredDocumentTests.swift in Sources */ = {isa = PBXBuildFile; fileRef = 0A5FCFD62B389BE060F53CDE /* StructuredDocumentTests.swift */; };
		2E534F25864D2AA263D9ED0C /* VisualDocumentRegionDetector.swift in Sources */ = {isa = PBXBuildFile; fileRef = 87B5AFDD8C979228AF23875B /* VisualDocumentRegionDetector.swift */; };
		3191B79DEF850FF4E1C2484C /* VisualInkComponent.swift in Sources */ = {isa = PBXBuildFile; fileRef = D94080E43D51B0721B4511FF /* VisualInkComponent.swift */; };
		329C4B927B0B380889DBA18B /* ScanExportModeAvailability.swift in Sources */ = {isa = PBXBuildFile; fileRef = E18A2234B6EF51EECA9A5F07 /* ScanExportModeAvailability.swift */; };
		32A6657218C7029318ADCDAB /* ConfidenceLegend.swift in Sources */ = {isa = PBXBuildFile; fileRef = C5D330D5158B07DCBE9F091E /* ConfidenceLegend.swift */; };
		3527FCE42E4CD2BB678305A2 /* DocumentIntelligenceRunCoordinator.swift in Sources */ = {isa = PBXBuildFile; fileRef = 875FFD2EA1C8AB6F0E34CDDA /* DocumentIntelligenceRunCoordinator.swift */; };
		3812A01A67AB94EEB2EAB815 /* ReviewPageSet.swift in Sources */ = {isa = PBXBuildFile; fileRef = 2EB6CEAF54867DBC8F21B6EF /* ReviewPageSet.swift */; };
		4146404F706602A59318BD2B /* StructuredDocument.swift in Sources */ = {isa = PBXBuildFile; fileRef = ADA53CF71A6AB39C966E83BE /* StructuredDocument.swift */; };
		4198F73CBEADFE7AA1C5AA19 /* VisualInkComponentFinder.swift in Sources */ = {isa = PBXBuildFile; fileRef = EE13CC04E54E440C5317A635 /* VisualInkComponentFinder.swift */; };
		4378DFDD210D46A8E712F997 /* DocumentIntelligenceNotesTests.swift in Sources */ = {isa = PBXBuildFile; fileRef = 367AAD0CA7A42F7FA03575C8 /* DocumentIntelligenceNotesTests.swift */; };
		457E4ED7D69C6361B1A20654 /* ScanAutomationController.swift in Sources */ = {isa = PBXBuildFile; fileRef = CCAB6EA7094728C07B788253 /* ScanAutomationController.swift */; };
		4A76A1B0CA2FE93144BEE586 /* StructuredDocumentPanel.swift in Sources */ = {isa = PBXBuildFile; fileRef = F6FCB7A8668774824816082B /* StructuredDocumentPanel.swift */; };
		4DB430FE93822A676B8B08CC /* ScanFrameProcessor.swift in Sources */ = {isa = PBXBuildFile; fileRef = 99AC13185ACE56799B528D7F /* ScanFrameProcessor.swift */; };
		50FDF4808E337C70194E5712 /* ScanReviewState.swift in Sources */ = {isa = PBXBuildFile; fileRef = 3680C78090F4A2A5F36F41D4 /* ScanReviewState.swift */; };
		52A4F76CC33B4934E73FB99D /* StructuredDocumentRecognitionService.swift in Sources */ = {isa = PBXBuildFile; fileRef = E71A512D247153307855A9E6 /* StructuredDocumentRecognitionService.swift */; };
		52DD9BC802D7E1123FE81331 /* DocumentIntelligenceService.swift in Sources */ = {isa = PBXBuildFile; fileRef = 2E264BEA743CCAEE0A44FF0C /* DocumentIntelligenceService.swift */; };
		53C257D4FAF362FB96C56AE1 /* RecomposedDocumentRendererTests.swift in Sources */ = {isa = PBXBuildFile; fileRef = D2335DF7B531AC208644D996 /* RecomposedDocumentRendererTests.swift */; };
		544ABAEC05BDA8B297BC0FAC /* LiveTextImageView.swift in Sources */ = {isa = PBXBuildFile; fileRef = 937222EB4807DBACD8677901 /* LiveTextImageView.swift */; };
		54A73D8EC1EAC302B2C99652 /* ReviewPageSetTests.swift in Sources */ = {isa = PBXBuildFile; fileRef = 44D83CA69698900A7EABE868 /* ReviewPageSetTests.swift */; };
		56495695C04F3B64FA2D8A74 /* VisualDocumentRegionDetectorTests.swift in Sources */ = {isa = PBXBuildFile; fileRef = D69336150DDB7046705352B5 /* VisualDocumentRegionDetectorTests.swift */; };
		56F5F81B2F865F46A9D11A9A /* ReviewTextSourceBuilder.swift in Sources */ = {isa = PBXBuildFile; fileRef = A86CE1F9D7DCF3F30816D21B /* ReviewTextSourceBuilder.swift */; };
		5902BB6263118DAEE65F6575 /* ScanExportModeAvailability.swift in Sources */ = {isa = PBXBuildFile; fileRef = E18A2234B6EF51EECA9A5F07 /* ScanExportModeAvailability.swift */; };
		5923F010DC09587B6122EEFB /* OriginalImagePDFRenderer.swift in Sources */ = {isa = PBXBuildFile; fileRef = 9DDEB07A883D9BB8B9FD9511 /* OriginalImagePDFRenderer.swift */; };
		59697D95F85AE6ECF83622FB /* VisualDocumentBitmap.swift in Sources */ = {isa = PBXBuildFile; fileRef = 584047A2C608449817B1B99F /* VisualDocumentBitmap.swift */; };
		5AAFAE470663931BF5F7EBC3 /* VisualDocumentRegionCandidateFilter.swift in Sources */ = {isa = PBXBuildFile; fileRef = D7C022272C52FB7BDE36AEFD /* VisualDocumentRegionCandidateFilter.swift */; };
		5B50D7095FBA70AC842C841F /* VisualInkComponentFinder.swift in Sources */ = {isa = PBXBuildFile; fileRef = EE13CC04E54E440C5317A635 /* VisualInkComponentFinder.swift */; };
		5DD361B545CF6A7BA6499E92 /* CameraControlState.swift in Sources */ = {isa = PBXBuildFile; fileRef = 48EB9803BA739625DB24357D /* CameraControlState.swift */; };
		5E4EF76E9FE10CC31E4C0554 /* ConfidenceGridOverlay.swift in Sources */ = {isa = PBXBuildFile; fileRef = C145B6DE6173286F9BF2F107 /* ConfidenceGridOverlay.swift */; };
		5EBE9B346E95533171BDCCE0 /* VisualDocumentRegionDetectionServiceTests.swift in Sources */ = {isa = PBXBuildFile; fileRef = 064D51AA8EE83F5035C72841 /* VisualDocumentRegionDetectionServiceTests.swift */; };
		612A0AE6390D8C680EF95BA8 /* CameraSessionController.swift in Sources */ = {isa = PBXBuildFile; fileRef = 327D40757AA306AA44B59C7D /* CameraSessionController.swift */; };
		6281A1A6349D8012E5487CC7 /* RootView.swift in Sources */ = {isa = PBXBuildFile; fileRef = E0784D7BCE7E9B827A482442 /* RootView.swift */; };
		62BA2710C48A0782F72A29DC /* RecognizedTextPanel.swift in Sources */ = {isa = PBXBuildFile; fileRef = FFB762B8D396D292D15A312E /* RecognizedTextPanel.swift */; };
		630CF58ABAE455BEAB36621F /* ReviewTextSourceBuilder.swift in Sources */ = {isa = PBXBuildFile; fileRef = A86CE1F9D7DCF3F30816D21B /* ReviewTextSourceBuilder.swift */; };
		675DF4BE58200473AEA83E5F /* ScanAutomationController.swift in Sources */ = {isa = PBXBuildFile; fileRef = CCAB6EA7094728C07B788253 /* ScanAutomationController.swift */; };
		679FE30C3539B3E8C957FBDB /* DocumentIntelligenceServiceTests.swift in Sources */ = {isa = PBXBuildFile; fileRef = A1AFDCCDB4F00FD08D7F0EBE /* DocumentIntelligenceServiceTests.swift */; };
		67AE2E12686F27600634A8A9 /* VisualInkComponent.swift in Sources */ = {isa = PBXBuildFile; fileRef = D94080E43D51B0721B4511FF /* VisualInkComponent.swift */; };
		6B28E0218255B2A946A0E9B4 /* OriginalImagePDFRendererTests.swift in Sources */ = {isa = PBXBuildFile; fileRef = FC46BEC6C02D52CCDBC4AA8F /* OriginalImagePDFRendererTests.swift */; };
		6F0AB09F2DB13F3E50B4427A /* ScanExportService.swift in Sources */ = {isa = PBXBuildFile; fileRef = DEA34A48C82867A0735120BB /* ScanExportService.swift */; };
		7E7801DB77FB50F9496A20B7 /* IntelligenceReviewPanel.swift in Sources */ = {isa = PBXBuildFile; fileRef = 23C0730A9DD3C2ED6C3E4544 /* IntelligenceReviewPanel.swift */; };
		7F114276D191DAC3EB04B904 /* VisualDocumentOCRExclusionMask.swift in Sources */ = {isa = PBXBuildFile; fileRef = 578F032C0F4BFA26BA3CE800 /* VisualDocumentOCRExclusionMask.swift */; };
		856C74336BEC3F4A1DC7ACBF /* VisualDocumentOCRExclusionMask.swift in Sources */ = {isa = PBXBuildFile; fileRef = 578F032C0F4BFA26BA3CE800 /* VisualDocumentOCRExclusionMask.swift */; };
		85DA3063F4F1B223AA0A1E3C /* RecoveredTextCopyController.swift in Sources */ = {isa = PBXBuildFile; fileRef = 51694339A9D9333FB18A8BCE /* RecoveredTextCopyController.swift */; };
		87B69E23BEFC91D5D32ADB1C /* VisualDocumentRegion.swift in Sources */ = {isa = PBXBuildFile; fileRef = 9477A6F2FA577FEFC813A436 /* VisualDocumentRegion.swift */; };
		87BC2F25C93420AF332766D2 /* VisualDocumentRegionDetectionService.swift in Sources */ = {isa = PBXBuildFile; fileRef = 5289CEE6051A5F2E9EEF3815 /* VisualDocumentRegionDetectionService.swift */; };
		88343E6F916BA250DF03664F /* VisualDocumentRegion.swift in Sources */ = {isa = PBXBuildFile; fileRef = 9477A6F2FA577FEFC813A436 /* VisualDocumentRegion.swift */; };
		8B31AC418F9A4F25F9A6BADA /* CaptureScoring.swift in Sources */ = {isa = PBXBuildFile; fileRef = D5E9D0A88CD588369CF43498 /* CaptureScoring.swift */; };
		8EF7DA9581DDB66B9B71A56E /* ScannedPage.swift in Sources */ = {isa = PBXBuildFile; fileRef = 7749FCCACE9535C80BBA6BB7 /* ScannedPage.swift */; };
		9093CC2976516591AC0BBA89 /* TextRecognitionService.swift in Sources */ = {isa = PBXBuildFile; fileRef = BDA96750E73F93C6D18B4136 /* TextRecognitionService.swift */; };
		92EFE5D6437977CA41568DC6 /* ToughScanCore in Frameworks */ = {isa = PBXBuildFile; productRef = 14FD30A2EF9A3CDA810FF52F /* ToughScanCore */; };
		971837B0B26FA8C128BD85E9 /* StructuredDocumentRecognitionCoordinator.swift in Sources */ = {isa = PBXBuildFile; fileRef = FA779682C03AE0C04AA2C9DC /* StructuredDocumentRecognitionCoordinator.swift */; };
		9881609C2A09EC657C826B9A /* ShareSheetView.swift in Sources */ = {isa = PBXBuildFile; fileRef = 8580ECFBCC79BDA06ECB5AF2 /* ShareSheetView.swift */; };
		992622AA80A5763BD41A4F75 /* DocumentIntelligenceAvailability.swift in Sources */ = {isa = PBXBuildFile; fileRef = 59034C39C22FA554C351EB30 /* DocumentIntelligenceAvailability.swift */; };
		99E6B6073939F9A99A6E3166 /* LensSmudgeDetector.swift in Sources */ = {isa = PBXBuildFile; fileRef = 3DE8640402E77E78C8686147 /* LensSmudgeDetector.swift */; };
		9B9F8B04FB89E9CA12BFF8FF /* CameraControlState.swift in Sources */ = {isa = PBXBuildFile; fileRef = 48EB9803BA739625DB24357D /* CameraControlState.swift */; };
		9CEA2D56C9DBA5150C1BBD88 /* VisualDocumentRegionDetectionCoordinatorTests.swift in Sources */ = {isa = PBXBuildFile; fileRef = E6DF2526AA3480B6AFE7FF86 /* VisualDocumentRegionDetectionCoordinatorTests.swift */; };
		9DC0974CEC7431D59A65A4ED /* DocumentSnapshotTests.swift in Sources */ = {isa = PBXBuildFile; fileRef = 7DF5E0666C1F555ECE397906 /* DocumentSnapshotTests.swift */; };
		9EAA8F52A9629D26C029A824 /* LiveScanView.swift in Sources */ = {isa = PBXBuildFile; fileRef = 887E7FD673C7E68C35AF5A0F /* LiveScanView.swift */; };
		A4EC6FE32ACE05D9BB797063 /* RecomposedDocumentRenderer.swift in Sources */ = {isa = PBXBuildFile; fileRef = 6902426514A12A56BC065815 /* RecomposedDocumentRenderer.swift */; };
		A937D6F22D1A4E647CBEE137 /* NormalizedDocumentPreviewView.swift in Sources */ = {isa = PBXBuildFile; fileRef = AF35FED8AAB8B6B2DC4BBABC /* NormalizedDocumentPreviewView.swift */; };
		A98988512A41ADD6A562102B /* ImageEnhancerTests.swift in Sources */ = {isa = PBXBuildFile; fileRef = 00E3E52E966EA45B104E4DA7 /* ImageEnhancerTests.swift */; };
		AFE16BD049A58D455C9508A7 /* ReviewTextSourceBuilderTests.swift in Sources */ = {isa = PBXBuildFile; fileRef = 469FE584197F81747F6A0B4A /* ReviewTextSourceBuilderTests.swift */; };
		B119E0629A3689E66ED297DF /* DocumentDetectionGeometryMapper.swift in Sources */ = {isa = PBXBuildFile; fileRef = DD2BB3E170AE881062874D0D /* DocumentDetectionGeometryMapper.swift */; };
		B1887BA42AFAC7D3123ABB68 /* DocumentDetectionGeometryMapper.swift in Sources */ = {isa = PBXBuildFile; fileRef = DD2BB3E170AE881062874D0D /* DocumentDetectionGeometryMapper.swift */; };
		B1D45212014BE17B33F88218 /* PageSetPanel.swift in Sources */ = {isa = PBXBuildFile; fileRef = 1251EF9BB63BC3444B677BA6 /* PageSetPanel.swift */; };
		B1FF73ADDD5466F0C4098F97 /* StructuredDocumentRecognitionCoordinator.swift in Sources */ = {isa = PBXBuildFile; fileRef = FA779682C03AE0C04AA2C9DC /* StructuredDocumentRecognitionCoordinator.swift */; };
		B379EE00D1FA4B5AD869412F /* TextLineConfidenceOverlay.swift in Sources */ = {isa = PBXBuildFile; fileRef = 01D31F4400BCD1EAEF072AF6 /* TextLineConfidenceOverlay.swift */; };
		BD390354DE2ABAC55EDB0FFD /* CameraControlStateTests.swift in Sources */ = {isa = PBXBuildFile; fileRef = A745083537F8F066FBD3F6F6 /* CameraControlStateTests.swift */; };
		BD4479157C68A778F3A9C87D /* ImageEnhancer.swift in Sources */ = {isa = PBXBuildFile; fileRef = 8C135D020D617896476EBE1D /* ImageEnhancer.swift */; };
		BE20CE101D9DF0DCD8B31A17 /* ImageEnhancer.swift in Sources */ = {isa = PBXBuildFile; fileRef = 8C135D020D617896476EBE1D /* ImageEnhancer.swift */; };
		C006D5BE919E1E2747B19F5F /* ScanExportBundle.swift in Sources */ = {isa = PBXBuildFile; fileRef = A511DED11126783F6C195158 /* ScanExportBundle.swift */; };
		C0D0230273F1FB0B32FCB98C /* ScanExportServiceTests.swift in Sources */ = {isa = PBXBuildFile; fileRef = 38D150155C8B36832194E9BD /* ScanExportServiceTests.swift */; };
		C37EDDE0EA97A55BDB8FBE92 /* CameraPreviewView.swift in Sources */ = {isa = PBXBuildFile; fileRef = 6DD210C6F1E08EAA4555FCFE /* CameraPreviewView.swift */; };
		C546682E145CF0AFD5E857E7 /* PerspectiveNormalizer.swift in Sources */ = {isa = PBXBuildFile; fileRef = 0C9E1C269267EBF7292F456B /* PerspectiveNormalizer.swift */; };
		CA1E6CBA47370D0B07CB5592 /* ToughScanApp.swift in Sources */ = {isa = PBXBuildFile; fileRef = 225CE543C171F82E6E5634C3 /* ToughScanApp.swift */; };
		CA33FC412BD41D0961A7EAEA /* RecoveredTextCopyControllerTests.swift in Sources */ = {isa = PBXBuildFile; fileRef = 5D52A68F7FB9059C63D80C48 /* RecoveredTextCopyControllerTests.swift */; };
		CB336133EF90C92F17040337 /* DocumentDetectionService.swift in Sources */ = {isa = PBXBuildFile; fileRef = 21E69B44A8CCA88040658FC0 /* DocumentDetectionService.swift */; };
		CE3941839513637447916AB0 /* VisualDocumentInkMaskBuilder.swift in Sources */ = {isa = PBXBuildFile; fileRef = 643FEDDC9DE77042B698B5C3 /* VisualDocumentInkMaskBuilder.swift */; };
		CEDDCADF74EB64814C2D4188 /* StructuredDocumentRecognitionCoordinatorTests.swift in Sources */ = {isa = PBXBuildFile; fileRef = 666B0371CA2876B9A96450F3 /* StructuredDocumentRecognitionCoordinatorTests.swift */; };
		D34759BBAD7D5916EE15B810 /* FrameQualityMetrics.swift in Sources */ = {isa = PBXBuildFile; fileRef = 415CC34FE7C7BE37FE098B03 /* FrameQualityMetrics.swift */; };
		D42A0864DBCF55E6B5B8F64A /* FrameQualityAnalyzerTests.swift in Sources */ = {isa = PBXBuildFile; fileRef = BE836B43792465ECB1A4D089 /* FrameQualityAnalyzerTests.swift */; };
		D6234B7A148390C60E090A9E /* RecomposedDocumentRenderer.swift in Sources */ = {isa = PBXBuildFile; fileRef = 6902426514A12A56BC065815 /* RecomposedDocumentRenderer.swift */; };
		D634072555979826DBF2DA19 /* FrameQualityMetrics.swift in Sources */ = {isa = PBXBuildFile; fileRef = 415CC34FE7C7BE37FE098B03 /* FrameQualityMetrics.swift */; };
		D874B86BE0CC3C9D908B9929 /* ScanExportBundle.swift in Sources */ = {isa = PBXBuildFile; fileRef = A511DED11126783F6C195158 /* ScanExportBundle.swift */; };
		DC1238854A462483421520B6 /* OriginalImagePDFRenderer.swift in Sources */ = {isa = PBXBuildFile; fileRef = 9DDEB07A883D9BB8B9FD9511 /* OriginalImagePDFRenderer.swift */; };
		DC16E83CE99762C0134B7A8B /* ScanReviewStateTests.swift in Sources */ = {isa = PBXBuildFile; fileRef = 7A8C9C1ABFD8D16C4A981780 /* ScanReviewStateTests.swift */; };
		DC22472FBFC8B108A117E1B1 /* DocumentIntelligenceAvailability.swift in Sources */ = {isa = PBXBuildFile; fileRef = 59034C39C22FA554C351EB30 /* DocumentIntelligenceAvailability.swift */; };
		DC55FD6DF1E7DC5889EFAD4D /* DocumentIntelligenceAvailabilityTests.swift in Sources */ = {isa = PBXBuildFile; fileRef = 6EC1CD1453D58DCFDD5CD805 /* DocumentIntelligenceAvailabilityTests.swift */; };
		DCBB5B83BB27626A0AC43E28 /* ConfidenceStateStyle.swift in Sources */ = {isa = PBXBuildFile; fileRef = 0F8D59870DDBE52244D5CBE0 /* ConfidenceStateStyle.swift */; };
		DD2A7676776C7DC9712AFD0D /* DocumentSnapshot.swift in Sources */ = {isa = PBXBuildFile; fileRef = 1C77B0B2E436293F82CC24B5 /* DocumentSnapshot.swift */; };
		E0AACAF809C30773343FC05E /* LensSmudgeDetector.swift in Sources */ = {isa = PBXBuildFile; fileRef = 3DE8640402E77E78C8686147 /* LensSmudgeDetector.swift */; };
		E74B6325BB1CC207A58F8FF8 /* ScanAutomationControllerTests.swift in Sources */ = {isa = PBXBuildFile; fileRef = 0178C0E678C2A7EC7DF55CBE /* ScanAutomationControllerTests.swift */; };
		E75AE1F2E66E23E0D56C07D5 /* VisualDocumentRegionDetectionCoordinator.swift in Sources */ = {isa = PBXBuildFile; fileRef = F6DD2773A2F8463BCC404361 /* VisualDocumentRegionDetectionCoordinator.swift */; };
		E9441ACB0EAF6A975B7A2E4A /* DocumentIntelligenceNotes.swift in Sources */ = {isa = PBXBuildFile; fileRef = 1F30E5FDE9E6FDAA2B002162 /* DocumentIntelligenceNotes.swift */; };
		E96F37C8495D18FBEAB87221 /* DocumentIntelligenceNotes.swift in Sources */ = {isa = PBXBuildFile; fileRef = 1F30E5FDE9E6FDAA2B002162 /* DocumentIntelligenceNotes.swift */; };
		EAC3D7B7936407439C949528 /* VisualDocumentInkMaskBuilder.swift in Sources */ = {isa = PBXBuildFile; fileRef = 643FEDDC9DE77042B698B5C3 /* VisualDocumentInkMaskBuilder.swift */; };
		EAD69784B34FE24E96952D8D /* ScanMessageCoordinator.swift in Sources */ = {isa = PBXBuildFile; fileRef = 6C7270EF3287099636B9F183 /* ScanMessageCoordinator.swift */; };
		EEC9D6FF89A4E4BF071D78A2 /* ScanMessageCoordinator.swift in Sources */ = {isa = PBXBuildFile; fileRef = 6C7270EF3287099636B9F183 /* ScanMessageCoordinator.swift */; };
		F04E8452401D0D34961E0737 /* VisualDocumentRegionDetectionCoordinator.swift in Sources */ = {isa = PBXBuildFile; fileRef = F6DD2773A2F8463BCC404361 /* VisualDocumentRegionDetectionCoordinator.swift */; };
		F4015C72A01CF9EF9687C3B5 /* ScanMessageCoordinatorTests.swift in Sources */ = {isa = PBXBuildFile; fileRef = C047E1B0FC37B194800C7512 /* ScanMessageCoordinatorTests.swift */; };
		F4B14E130677B0B0EC014FAF /* DocumentIntelligenceRunCoordinatorTests.swift in Sources */ = {isa = PBXBuildFile; fileRef = 3B658E6FAF45A224B43D60AE /* DocumentIntelligenceRunCoordinatorTests.swift */; };
		F912C5E54F1BF7033AD49086 /* CaptureScoring.swift in Sources */ = {isa = PBXBuildFile; fileRef = D5E9D0A88CD588369CF43498 /* CaptureScoring.swift */; };
		F91918074E366091B85C36C5 /* DocumentIntelligenceRunCoordinator.swift in Sources */ = {isa = PBXBuildFile; fileRef = 875FFD2EA1C8AB6F0E34CDDA /* DocumentIntelligenceRunCoordinator.swift */; };
		FAF3689ADE3AD5BF31AC7342 /* VisualDocumentRegionDetectionService.swift in Sources */ = {isa = PBXBuildFile; fileRef = 5289CEE6051A5F2E9EEF3815 /* VisualDocumentRegionDetectionService.swift */; };
		FD8D89EEA9734C917220A601 /* ScanReviewView.swift in Sources */ = {isa = PBXBuildFile; fileRef = AAC81862EDA5A2DC5BDDB1BE /* ScanReviewView.swift */; };
		FE65C2381D5C5DC24E4DD02E /* VisualMarksPanel.swift in Sources */ = {isa = PBXBuildFile; fileRef = 3D5CF6011563176A3C835678 /* VisualMarksPanel.swift */; };
		FE826A459382AD3B66AD48CF /* CopyableTextPanel.swift in Sources */ = {isa = PBXBuildFile; fileRef = 727277011F56A185CEA0190B /* CopyableTextPanel.swift */; };
		FEBF74C90CDDD0409375420B /* ScanExportService.swift in Sources */ = {isa = PBXBuildFile; fileRef = DEA34A48C82867A0735120BB /* ScanExportService.swift */; };
/* End PBXBuildFile section */

/* Begin PBXFileReference section */
		00E3E52E966EA45B104E4DA7 /* ImageEnhancerTests.swift */ = {isa = PBXFileReference; lastKnownFileType = sourcecode.swift; path = ImageEnhancerTests.swift; sourceTree = "<group>"; };
		0178C0E678C2A7EC7DF55CBE /* ScanAutomationControllerTests.swift */ = {isa = PBXFileReference; lastKnownFileType = sourcecode.swift; path = ScanAutomationControllerTests.swift; sourceTree = "<group>"; };
		01D31F4400BCD1EAEF072AF6 /* TextLineConfidenceOverlay.swift */ = {isa = PBXFileReference; lastKnownFileType = sourcecode.swift; path = TextLineConfidenceOverlay.swift; sourceTree = "<group>"; };
		033A0F405BAED0AD130C9ABC /* ToughScan.app */ = {isa = PBXFileReference; includeInIndex = 0; lastKnownFileType = wrapper.application; path = ToughScan.app; sourceTree = BUILT_PRODUCTS_DIR; };
		064D51AA8EE83F5035C72841 /* VisualDocumentRegionDetectionServiceTests.swift */ = {isa = PBXFileReference; lastKnownFileType = sourcecode.swift; path = VisualDocumentRegionDetectionServiceTests.swift; sourceTree = "<group>"; };
		0A1A6F17F606DA74C2C4D279 /* ExportModePanel.swift */ = {isa = PBXFileReference; lastKnownFileType = sourcecode.swift; path = ExportModePanel.swift; sourceTree = "<group>"; };
		0A5FCFD62B389BE060F53CDE /* StructuredDocumentTests.swift */ = {isa = PBXFileReference; lastKnownFileType = sourcecode.swift; path = StructuredDocumentTests.swift; sourceTree = "<group>"; };
		0C9E1C269267EBF7292F456B /* PerspectiveNormalizer.swift */ = {isa = PBXFileReference; lastKnownFileType = sourcecode.swift; path = PerspectiveNormalizer.swift; sourceTree = "<group>"; };
		0EF727542790FF3F411887D8 /* ScanExportModeAvailabilityTests.swift */ = {isa = PBXFileReference; lastKnownFileType = sourcecode.swift; path = ScanExportModeAvailabilityTests.swift; sourceTree = "<group>"; };
		0F8D59870DDBE52244D5CBE0 /* ConfidenceStateStyle.swift */ = {isa = PBXFileReference; lastKnownFileType = sourcecode.swift; path = ConfidenceStateStyle.swift; sourceTree = "<group>"; };
		1251EF9BB63BC3444B677BA6 /* PageSetPanel.swift */ = {isa = PBXFileReference; lastKnownFileType = sourcecode.swift; path = PageSetPanel.swift; sourceTree = "<group>"; };
		1C77B0B2E436293F82CC24B5 /* DocumentSnapshot.swift */ = {isa = PBXFileReference; lastKnownFileType = sourcecode.swift; path = DocumentSnapshot.swift; sourceTree = "<group>"; };
		1F30E5FDE9E6FDAA2B002162 /* DocumentIntelligenceNotes.swift */ = {isa = PBXFileReference; lastKnownFileType = sourcecode.swift; path = DocumentIntelligenceNotes.swift; sourceTree = "<group>"; };
		21E69B44A8CCA88040658FC0 /* DocumentDetectionService.swift */ = {isa = PBXFileReference; lastKnownFileType = sourcecode.swift; path = DocumentDetectionService.swift; sourceTree = "<group>"; };
		225CE543C171F82E6E5634C3 /* ToughScanApp.swift */ = {isa = PBXFileReference; lastKnownFileType = sourcecode.swift; path = ToughScanApp.swift; sourceTree = "<group>"; };
		23C0730A9DD3C2ED6C3E4544 /* IntelligenceReviewPanel.swift */ = {isa = PBXFileReference; lastKnownFileType = sourcecode.swift; path = IntelligenceReviewPanel.swift; sourceTree = "<group>"; };
		2AB50129202EF306E40F064B /* DocumentDetectionGeometryMapperTests.swift */ = {isa = PBXFileReference; lastKnownFileType = sourcecode.swift; path = DocumentDetectionGeometryMapperTests.swift; sourceTree = "<group>"; };
		2E264BEA743CCAEE0A44FF0C /* DocumentIntelligenceService.swift */ = {isa = PBXFileReference; lastKnownFileType = sourcecode.swift; path = DocumentIntelligenceService.swift; sourceTree = "<group>"; };
		2EB6CEAF54867DBC8F21B6EF /* ReviewPageSet.swift */ = {isa = PBXFileReference; lastKnownFileType = sourcecode.swift; path = ReviewPageSet.swift; sourceTree = "<group>"; };
		327D40757AA306AA44B59C7D /* CameraSessionController.swift */ = {isa = PBXFileReference; lastKnownFileType = sourcecode.swift; path = CameraSessionController.swift; sourceTree = "<group>"; };
		367AAD0CA7A42F7FA03575C8 /* DocumentIntelligenceNotesTests.swift */ = {isa = PBXFileReference; lastKnownFileType = sourcecode.swift; path = DocumentIntelligenceNotesTests.swift; sourceTree = "<group>"; };
		3680C78090F4A2A5F36F41D4 /* ScanReviewState.swift */ = {isa = PBXFileReference; lastKnownFileType = sourcecode.swift; path = ScanReviewState.swift; sourceTree = "<group>"; };
		38D150155C8B36832194E9BD /* ScanExportServiceTests.swift */ = {isa = PBXFileReference; lastKnownFileType = sourcecode.swift; path = ScanExportServiceTests.swift; sourceTree = "<group>"; };
		3B658E6FAF45A224B43D60AE /* DocumentIntelligenceRunCoordinatorTests.swift */ = {isa = PBXFileReference; lastKnownFileType = sourcecode.swift; path = DocumentIntelligenceRunCoordinatorTests.swift; sourceTree = "<group>"; };
		3D5CF6011563176A3C835678 /* VisualMarksPanel.swift */ = {isa = PBXFileReference; lastKnownFileType = sourcecode.swift; path = VisualMarksPanel.swift; sourceTree = "<group>"; };
		3DE8640402E77E78C8686147 /* LensSmudgeDetector.swift */ = {isa = PBXFileReference; lastKnownFileType = sourcecode.swift; path = LensSmudgeDetector.swift; sourceTree = "<group>"; };
		415CC34FE7C7BE37FE098B03 /* FrameQualityMetrics.swift */ = {isa = PBXFileReference; lastKnownFileType = sourcecode.swift; path = FrameQualityMetrics.swift; sourceTree = "<group>"; };
		44D83CA69698900A7EABE868 /* ReviewPageSetTests.swift */ = {isa = PBXFileReference; lastKnownFileType = sourcecode.swift; path = ReviewPageSetTests.swift; sourceTree = "<group>"; };
		469FE584197F81747F6A0B4A /* ReviewTextSourceBuilderTests.swift */ = {isa = PBXFileReference; lastKnownFileType = sourcecode.swift; path = ReviewTextSourceBuilderTests.swift; sourceTree = "<group>"; };
		48EB9803BA739625DB24357D /* CameraControlState.swift */ = {isa = PBXFileReference; lastKnownFileType = sourcecode.swift; path = CameraControlState.swift; sourceTree = "<group>"; };
		51694339A9D9333FB18A8BCE /* RecoveredTextCopyController.swift */ = {isa = PBXFileReference; lastKnownFileType = sourcecode.swift; path = RecoveredTextCopyController.swift; sourceTree = "<group>"; };
		5289CEE6051A5F2E9EEF3815 /* VisualDocumentRegionDetectionService.swift */ = {isa = PBXFileReference; lastKnownFileType = sourcecode.swift; path = VisualDocumentRegionDetectionService.swift; sourceTree = "<group>"; };
		55F5A4AAE84221C72AACF760 /* Info.plist */ = {isa = PBXFileReference; lastKnownFileType = text.plist; path = Info.plist; sourceTree = "<group>"; };
		578F032C0F4BFA26BA3CE800 /* VisualDocumentOCRExclusionMask.swift */ = {isa = PBXFileReference; lastKnownFileType = sourcecode.swift; path = VisualDocumentOCRExclusionMask.swift; sourceTree = "<group>"; };
		584047A2C608449817B1B99F /* VisualDocumentBitmap.swift */ = {isa = PBXFileReference; lastKnownFileType = sourcecode.swift; path = VisualDocumentBitmap.swift; sourceTree = "<group>"; };
		59034C39C22FA554C351EB30 /* DocumentIntelligenceAvailability.swift */ = {isa = PBXFileReference; lastKnownFileType = sourcecode.swift; path = DocumentIntelligenceAvailability.swift; sourceTree = "<group>"; };
		5D52A68F7FB9059C63D80C48 /* RecoveredTextCopyControllerTests.swift */ = {isa = PBXFileReference; lastKnownFileType = sourcecode.swift; path = RecoveredTextCopyControllerTests.swift; sourceTree = "<group>"; };
		5D9DF4ACE753A71C687C07F8 /* tough-scan */ = {isa = PBXFileReference; lastKnownFileType = folder; name = "tough-scan"; path = .; sourceTree = SOURCE_ROOT; };
		643FEDDC9DE77042B698B5C3 /* VisualDocumentInkMaskBuilder.swift */ = {isa = PBXFileReference; lastKnownFileType = sourcecode.swift; path = VisualDocumentInkMaskBuilder.swift; sourceTree = "<group>"; };
		666B0371CA2876B9A96450F3 /* StructuredDocumentRecognitionCoordinatorTests.swift */ = {isa = PBXFileReference; lastKnownFileType = sourcecode.swift; path = StructuredDocumentRecognitionCoordinatorTests.swift; sourceTree = "<group>"; };
		6902426514A12A56BC065815 /* RecomposedDocumentRenderer.swift */ = {isa = PBXFileReference; lastKnownFileType = sourcecode.swift; path = RecomposedDocumentRenderer.swift; sourceTree = "<group>"; };
		6C7270EF3287099636B9F183 /* ScanMessageCoordinator.swift */ = {isa = PBXFileReference; lastKnownFileType = sourcecode.swift; path = ScanMessageCoordinator.swift; sourceTree = "<group>"; };
		6DD210C6F1E08EAA4555FCFE /* CameraPreviewView.swift */ = {isa = PBXFileReference; lastKnownFileType = sourcecode.swift; path = CameraPreviewView.swift; sourceTree = "<group>"; };
		6EC1CD1453D58DCFDD5CD805 /* DocumentIntelligenceAvailabilityTests.swift */ = {isa = PBXFileReference; lastKnownFileType = sourcecode.swift; path = DocumentIntelligenceAvailabilityTests.swift; sourceTree = "<group>"; };
		727277011F56A185CEA0190B /* CopyableTextPanel.swift */ = {isa = PBXFileReference; lastKnownFileType = sourcecode.swift; path = CopyableTextPanel.swift; sourceTree = "<group>"; };
		7749FCCACE9535C80BBA6BB7 /* ScannedPage.swift */ = {isa = PBXFileReference; lastKnownFileType = sourcecode.swift; path = ScannedPage.swift; sourceTree = "<group>"; };
		7A8C9C1ABFD8D16C4A981780 /* ScanReviewStateTests.swift */ = {isa = PBXFileReference; lastKnownFileType = sourcecode.swift; path = ScanReviewStateTests.swift; sourceTree = "<group>"; };
		7DF5E0666C1F555ECE397906 /* DocumentSnapshotTests.swift */ = {isa = PBXFileReference; lastKnownFileType = sourcecode.swift; path = DocumentSnapshotTests.swift; sourceTree = "<group>"; };
		8580ECFBCC79BDA06ECB5AF2 /* ShareSheetView.swift */ = {isa = PBXFileReference; lastKnownFileType = sourcecode.swift; path = ShareSheetView.swift; sourceTree = "<group>"; };
		875FFD2EA1C8AB6F0E34CDDA /* DocumentIntelligenceRunCoordinator.swift */ = {isa = PBXFileReference; lastKnownFileType = sourcecode.swift; path = DocumentIntelligenceRunCoordinator.swift; sourceTree = "<group>"; };
		87B5AFDD8C979228AF23875B /* VisualDocumentRegionDetector.swift */ = {isa = PBXFileReference; lastKnownFileType = sourcecode.swift; path = VisualDocumentRegionDetector.swift; sourceTree = "<group>"; };
		887E7FD673C7E68C35AF5A0F /* LiveScanView.swift */ = {isa = PBXFileReference; lastKnownFileType = sourcecode.swift; path = LiveScanView.swift; sourceTree = "<group>"; };
		8C135D020D617896476EBE1D /* ImageEnhancer.swift */ = {isa = PBXFileReference; lastKnownFileType = sourcecode.swift; path = ImageEnhancer.swift; sourceTree = "<group>"; };
		937222EB4807DBACD8677901 /* LiveTextImageView.swift */ = {isa = PBXFileReference; lastKnownFileType = sourcecode.swift; path = LiveTextImageView.swift; sourceTree = "<group>"; };
		9477A6F2FA577FEFC813A436 /* VisualDocumentRegion.swift */ = {isa = PBXFileReference; lastKnownFileType = sourcecode.swift; path = VisualDocumentRegion.swift; sourceTree = "<group>"; };
		99AC13185ACE56799B528D7F /* ScanFrameProcessor.swift */ = {isa = PBXFileReference; lastKnownFileType = sourcecode.swift; path = ScanFrameProcessor.swift; sourceTree = "<group>"; };
		9DDEB07A883D9BB8B9FD9511 /* OriginalImagePDFRenderer.swift */ = {isa = PBXFileReference; lastKnownFileType = sourcecode.swift; path = OriginalImagePDFRenderer.swift; sourceTree = "<group>"; };
		A1AFDCCDB4F00FD08D7F0EBE /* DocumentIntelligenceServiceTests.swift */ = {isa = PBXFileReference; lastKnownFileType = sourcecode.swift; path = DocumentIntelligenceServiceTests.swift; sourceTree = "<group>"; };
		A511DED11126783F6C195158 /* ScanExportBundle.swift */ = {isa = PBXFileReference; lastKnownFileType = sourcecode.swift; path = ScanExportBundle.swift; sourceTree = "<group>"; };
		A745083537F8F066FBD3F6F6 /* CameraControlStateTests.swift */ = {isa = PBXFileReference; lastKnownFileType = sourcecode.swift; path = CameraControlStateTests.swift; sourceTree = "<group>"; };
		A86CE1F9D7DCF3F30816D21B /* ReviewTextSourceBuilder.swift */ = {isa = PBXFileReference; lastKnownFileType = sourcecode.swift; path = ReviewTextSourceBuilder.swift; sourceTree = "<group>"; };
		AAC81862EDA5A2DC5BDDB1BE /* ScanReviewView.swift */ = {isa = PBXFileReference; lastKnownFileType = sourcecode.swift; path = ScanReviewView.swift; sourceTree = "<group>"; };
		AC192AD5CF739A8CABE7A6E2 /* ToughScanTests.xctest */ = {isa = PBXFileReference; includeInIndex = 0; lastKnownFileType = wrapper.cfbundle; path = ToughScanTests.xctest; sourceTree = BUILT_PRODUCTS_DIR; };
		ADA53CF71A6AB39C966E83BE /* StructuredDocument.swift */ = {isa = PBXFileReference; lastKnownFileType = sourcecode.swift; path = StructuredDocument.swift; sourceTree = "<group>"; };
		AF35FED8AAB8B6B2DC4BBABC /* NormalizedDocumentPreviewView.swift */ = {isa = PBXFileReference; lastKnownFileType = sourcecode.swift; path = NormalizedDocumentPreviewView.swift; sourceTree = "<group>"; };
		B66AF5629F3F7E4609907C3A /* FrameQualityAnalyzer.swift */ = {isa = PBXFileReference; lastKnownFileType = sourcecode.swift; path = FrameQualityAnalyzer.swift; sourceTree = "<group>"; };
		BDA96750E73F93C6D18B4136 /* TextRecognitionService.swift */ = {isa = PBXFileReference; lastKnownFileType = sourcecode.swift; path = TextRecognitionService.swift; sourceTree = "<group>"; };
		BE836B43792465ECB1A4D089 /* FrameQualityAnalyzerTests.swift */ = {isa = PBXFileReference; lastKnownFileType = sourcecode.swift; path = FrameQualityAnalyzerTests.swift; sourceTree = "<group>"; };
		C047E1B0FC37B194800C7512 /* ScanMessageCoordinatorTests.swift */ = {isa = PBXFileReference; lastKnownFileType = sourcecode.swift; path = ScanMessageCoordinatorTests.swift; sourceTree = "<group>"; };
		C145B6DE6173286F9BF2F107 /* ConfidenceGridOverlay.swift */ = {isa = PBXFileReference; lastKnownFileType = sourcecode.swift; path = ConfidenceGridOverlay.swift; sourceTree = "<group>"; };
		C5D330D5158B07DCBE9F091E /* ConfidenceLegend.swift */ = {isa = PBXFileReference; lastKnownFileType = sourcecode.swift; path = ConfidenceLegend.swift; sourceTree = "<group>"; };
		CCAB6EA7094728C07B788253 /* ScanAutomationController.swift */ = {isa = PBXFileReference; lastKnownFileType = sourcecode.swift; path = ScanAutomationController.swift; sourceTree = "<group>"; };
		D2335DF7B531AC208644D996 /* RecomposedDocumentRendererTests.swift */ = {isa = PBXFileReference; lastKnownFileType = sourcecode.swift; path = RecomposedDocumentRendererTests.swift; sourceTree = "<group>"; };
		D5E9D0A88CD588369CF43498 /* CaptureScoring.swift */ = {isa = PBXFileReference; lastKnownFileType = sourcecode.swift; path = CaptureScoring.swift; sourceTree = "<group>"; };
		D69336150DDB7046705352B5 /* VisualDocumentRegionDetectorTests.swift */ = {isa = PBXFileReference; lastKnownFileType = sourcecode.swift; path = VisualDocumentRegionDetectorTests.swift; sourceTree = "<group>"; };
		D7C022272C52FB7BDE36AEFD /* VisualDocumentRegionCandidateFilter.swift */ = {isa = PBXFileReference; lastKnownFileType = sourcecode.swift; path = VisualDocumentRegionCandidateFilter.swift; sourceTree = "<group>"; };
		D94080E43D51B0721B4511FF /* VisualInkComponent.swift */ = {isa = PBXFileReference; lastKnownFileType = sourcecode.swift; path = VisualInkComponent.swift; sourceTree = "<group>"; };
		DD2BB3E170AE881062874D0D /* DocumentDetectionGeometryMapper.swift */ = {isa = PBXFileReference; lastKnownFileType = sourcecode.swift; path = DocumentDetectionGeometryMapper.swift; sourceTree = "<group>"; };
		DEA34A48C82867A0735120BB /* ScanExportService.swift */ = {isa = PBXFileReference; lastKnownFileType = sourcecode.swift; path = ScanExportService.swift; sourceTree = "<group>"; };
		E0784D7BCE7E9B827A482442 /* RootView.swift */ = {isa = PBXFileReference; lastKnownFileType = sourcecode.swift; path = RootView.swift; sourceTree = "<group>"; };
		E18A2234B6EF51EECA9A5F07 /* ScanExportModeAvailability.swift */ = {isa = PBXFileReference; lastKnownFileType = sourcecode.swift; path = ScanExportModeAvailability.swift; sourceTree = "<group>"; };
		E6DF2526AA3480B6AFE7FF86 /* VisualDocumentRegionDetectionCoordinatorTests.swift */ = {isa = PBXFileReference; lastKnownFileType = sourcecode.swift; path = VisualDocumentRegionDetectionCoordinatorTests.swift; sourceTree = "<group>"; };
		E71A512D247153307855A9E6 /* StructuredDocumentRecognitionService.swift */ = {isa = PBXFileReference; lastKnownFileType = sourcecode.swift; path = StructuredDocumentRecognitionService.swift; sourceTree = "<group>"; };
		EE13CC04E54E440C5317A635 /* VisualInkComponentFinder.swift */ = {isa = PBXFileReference; lastKnownFileType = sourcecode.swift; path = VisualInkComponentFinder.swift; sourceTree = "<group>"; };
		F6DD2773A2F8463BCC404361 /* VisualDocumentRegionDetectionCoordinator.swift */ = {isa = PBXFileReference; lastKnownFileType = sourcecode.swift; path = VisualDocumentRegionDetectionCoordinator.swift; sourceTree = "<group>"; };
		F6FCB7A8668774824816082B /* StructuredDocumentPanel.swift */ = {isa = PBXFileReference; lastKnownFileType = sourcecode.swift; path = StructuredDocumentPanel.swift; sourceTree = "<group>"; };
		FA779682C03AE0C04AA2C9DC /* StructuredDocumentRecognitionCoordinator.swift */ = {isa = PBXFileReference; lastKnownFileType = sourcecode.swift; path = StructuredDocumentRecognitionCoordinator.swift; sourceTree = "<group>"; };
		FC46BEC6C02D52CCDBC4AA8F /* OriginalImagePDFRendererTests.swift */ = {isa = PBXFileReference; lastKnownFileType = sourcecode.swift; path = OriginalImagePDFRendererTests.swift; sourceTree = "<group>"; };
		FFB762B8D396D292D15A312E /* RecognizedTextPanel.swift */ = {isa = PBXFileReference; lastKnownFileType = sourcecode.swift; path = RecognizedTextPanel.swift; sourceTree = "<group>"; };
/* End PBXFileReference section */

/* Begin PBXFrameworksBuildPhase section */
		6D78D0940A12B3FE50A61E08 /* Frameworks */ = {
			isa = PBXFrameworksBuildPhase;
			buildActionMask = 2147483647;
			files = (
				119BE043B6C8D232AED4F6EC /* ToughScanCore in Frameworks */,
			);
			runOnlyForDeploymentPostprocessing = 0;
		};
		D61BB7BE6B713272AEB44184 /* Frameworks */ = {
			isa = PBXFrameworksBuildPhase;
			buildActionMask = 2147483647;
			files = (
				92EFE5D6437977CA41568DC6 /* ToughScanCore in Frameworks */,
			);
			runOnlyForDeploymentPostprocessing = 0;
		};
/* End PBXFrameworksBuildPhase section */

/* Begin PBXGroup section */
		1D3D7052043626B707E8B440 /* Review */ = {
			isa = PBXGroup;
			children = (
				44D83CA69698900A7EABE868 /* ReviewPageSetTests.swift */,
				7A8C9C1ABFD8D16C4A981780 /* ScanReviewStateTests.swift */,
			);
			path = Review;
			sourceTree = "<group>";
		};
		21FEAF1ADDFD42A7B88B4E4F = {
			isa = PBXGroup;
			children = (
				719A793668B06BC6B136D2E2 /* Packages */,
				4D921D8768C7523CC1B15C93 /* ToughScan */,
				70D5FB1DA7AADD515C2B2B3D /* ToughScanTests */,
				86C7E93528C74E2C8E110FBC /* Products */,
			);
			sourceTree = "<group>";
		};
		251F2899A1D5A317B73D4380 /* Processing */ = {
			isa = PBXGroup;
			children = (
				D5E9D0A88CD588369CF43498 /* CaptureScoring.swift */,
				DD2BB3E170AE881062874D0D /* DocumentDetectionGeometryMapper.swift */,
				21E69B44A8CCA88040658FC0 /* DocumentDetectionService.swift */,
				59034C39C22FA554C351EB30 /* DocumentIntelligenceAvailability.swift */,
				1F30E5FDE9E6FDAA2B002162 /* DocumentIntelligenceNotes.swift */,
				875FFD2EA1C8AB6F0E34CDDA /* DocumentIntelligenceRunCoordinator.swift */,
				2E264BEA743CCAEE0A44FF0C /* DocumentIntelligenceService.swift */,
				1C77B0B2E436293F82CC24B5 /* DocumentSnapshot.swift */,
				B66AF5629F3F7E4609907C3A /* FrameQualityAnalyzer.swift */,
				415CC34FE7C7BE37FE098B03 /* FrameQualityMetrics.swift */,
				8C135D020D617896476EBE1D /* ImageEnhancer.swift */,
				3DE8640402E77E78C8686147 /* LensSmudgeDetector.swift */,
				0C9E1C269267EBF7292F456B /* PerspectiveNormalizer.swift */,
				51694339A9D9333FB18A8BCE /* RecoveredTextCopyController.swift */,
				2EB6CEAF54867DBC8F21B6EF /* ReviewPageSet.swift */,
				A86CE1F9D7DCF3F30816D21B /* ReviewTextSourceBuilder.swift */,
				99AC13185ACE56799B528D7F /* ScanFrameProcessor.swift */,
				6C7270EF3287099636B9F183 /* ScanMessageCoordinator.swift */,
				7749FCCACE9535C80BBA6BB7 /* ScannedPage.swift */,
				ADA53CF71A6AB39C966E83BE /* StructuredDocument.swift */,
				FA779682C03AE0C04AA2C9DC /* StructuredDocumentRecognitionCoordinator.swift */,
				E71A512D247153307855A9E6 /* StructuredDocumentRecognitionService.swift */,
				BDA96750E73F93C6D18B4136 /* TextRecognitionService.swift */,
				584047A2C608449817B1B99F /* VisualDocumentBitmap.swift */,
				643FEDDC9DE77042B698B5C3 /* VisualDocumentInkMaskBuilder.swift */,
				578F032C0F4BFA26BA3CE800 /* VisualDocumentOCRExclusionMask.swift */,
				9477A6F2FA577FEFC813A436 /* VisualDocumentRegion.swift */,
				D7C022272C52FB7BDE36AEFD /* VisualDocumentRegionCandidateFilter.swift */,
				F6DD2773A2F8463BCC404361 /* VisualDocumentRegionDetectionCoordinator.swift */,
				5289CEE6051A5F2E9EEF3815 /* VisualDocumentRegionDetectionService.swift */,
				87B5AFDD8C979228AF23875B /* VisualDocumentRegionDetector.swift */,
				D94080E43D51B0721B4511FF /* VisualInkComponent.swift */,
				EE13CC04E54E440C5317A635 /* VisualInkComponentFinder.swift */,
			);
			path = Processing;
			sourceTree = "<group>";
		};
		3A931500F5BC24E7D95E6D90 /* Camera */ = {
			isa = PBXGroup;
			children = (
				48EB9803BA739625DB24357D /* CameraControlState.swift */,
				6DD210C6F1E08EAA4555FCFE /* CameraPreviewView.swift */,
				327D40757AA306AA44B59C7D /* CameraSessionController.swift */,
				CCAB6EA7094728C07B788253 /* ScanAutomationController.swift */,
			);
			path = Camera;
			sourceTree = "<group>";
		};
		44457DE5F26B9959B2DF125B /* Review */ = {
			isa = PBXGroup;
			children = (
				C5D330D5158B07DCBE9F091E /* ConfidenceLegend.swift */,
				727277011F56A185CEA0190B /* CopyableTextPanel.swift */,
				0A1A6F17F606DA74C2C4D279 /* ExportModePanel.swift */,
				23C0730A9DD3C2ED6C3E4544 /* IntelligenceReviewPanel.swift */,
				937222EB4807DBACD8677901 /* LiveTextImageView.swift */,
				1251EF9BB63BC3444B677BA6 /* PageSetPanel.swift */,
				FFB762B8D396D292D15A312E /* RecognizedTextPanel.swift */,
				3680C78090F4A2A5F36F41D4 /* ScanReviewState.swift */,
				AAC81862EDA5A2DC5BDDB1BE /* ScanReviewView.swift */,
				F6FCB7A8668774824816082B /* StructuredDocumentPanel.swift */,
				01D31F4400BCD1EAEF072AF6 /* TextLineConfidenceOverlay.swift */,
				3D5CF6011563176A3C835678 /* VisualMarksPanel.swift */,
			);
			path = Review;
			sourceTree = "<group>";
		};
		4D921D8768C7523CC1B15C93 /* ToughScan */ = {
			isa = PBXGroup;
			children = (
				55F5A4AAE84221C72AACF760 /* Info.plist */,
				F9FCC514BB8FC1656DA53503 /* App */,
				3A931500F5BC24E7D95E6D90 /* Camera */,
				90A5204393F05456F600CD5A /* Export */,
				251F2899A1D5A317B73D4380 /* Processing */,
				D78127A970E549CDB8936DFF /* UI */,
			);
			path = ToughScan;
			sourceTree = "<group>";
		};
		5F8EF8DF2136340F25626481 /* Shared */ = {
			isa = PBXGroup;
			children = (
				0F8D59870DDBE52244D5CBE0 /* ConfidenceStateStyle.swift */,
				AF35FED8AAB8B6B2DC4BBABC /* NormalizedDocumentPreviewView.swift */,
				8580ECFBCC79BDA06ECB5AF2 /* ShareSheetView.swift */,
			);
			path = Shared;
			sourceTree = "<group>";
		};
		625DA95558DA53A41A1851F6 /* Processing */ = {
			isa = PBXGroup;
			children = (
				2AB50129202EF306E40F064B /* DocumentDetectionGeometryMapperTests.swift */,
				6EC1CD1453D58DCFDD5CD805 /* DocumentIntelligenceAvailabilityTests.swift */,
				367AAD0CA7A42F7FA03575C8 /* DocumentIntelligenceNotesTests.swift */,
				3B658E6FAF45A224B43D60AE /* DocumentIntelligenceRunCoordinatorTests.swift */,
				A1AFDCCDB4F00FD08D7F0EBE /* DocumentIntelligenceServiceTests.swift */,
				7DF5E0666C1F555ECE397906 /* DocumentSnapshotTests.swift */,
				BE836B43792465ECB1A4D089 /* FrameQualityAnalyzerTests.swift */,
				00E3E52E966EA45B104E4DA7 /* ImageEnhancerTests.swift */,
				5D52A68F7FB9059C63D80C48 /* RecoveredTextCopyControllerTests.swift */,
				469FE584197F81747F6A0B4A /* ReviewTextSourceBuilderTests.swift */,
				C047E1B0FC37B194800C7512 /* ScanMessageCoordinatorTests.swift */,
				666B0371CA2876B9A96450F3 /* StructuredDocumentRecognitionCoordinatorTests.swift */,
				0A5FCFD62B389BE060F53CDE /* StructuredDocumentTests.swift */,
				E6DF2526AA3480B6AFE7FF86 /* VisualDocumentRegionDetectionCoordinatorTests.swift */,
				064D51AA8EE83F5035C72841 /* VisualDocumentRegionDetectionServiceTests.swift */,
				D69336150DDB7046705352B5 /* VisualDocumentRegionDetectorTests.swift */,
			);
			path = Processing;
			sourceTree = "<group>";
		};
		70D5FB1DA7AADD515C2B2B3D /* ToughScanTests */ = {
			isa = PBXGroup;
			children = (
				7A32F3D125A28EA6DDA9A477 /* Camera */,
				C493054EA36F5E18A1FD18A9 /* Export */,
				625DA95558DA53A41A1851F6 /* Processing */,
				1D3D7052043626B707E8B440 /* Review */,
			);
			path = ToughScanTests;
			sourceTree = "<group>";
		};
		719A793668B06BC6B136D2E2 /* Packages */ = {
			isa = PBXGroup;
			children = (
				5D9DF4ACE753A71C687C07F8 /* tough-scan */,
			);
			name = Packages;
			sourceTree = "<group>";
		};
		782E1716DBE759ADACE620BA /* Scan */ = {
			isa = PBXGroup;
			children = (
				C145B6DE6173286F9BF2F107 /* ConfidenceGridOverlay.swift */,
				887E7FD673C7E68C35AF5A0F /* LiveScanView.swift */,
			);
			path = Scan;
			sourceTree = "<group>";
		};
		7A32F3D125A28EA6DDA9A477 /* Camera */ = {
			isa = PBXGroup;
			children = (
				A745083537F8F066FBD3F6F6 /* CameraControlStateTests.swift */,
				0178C0E678C2A7EC7DF55CBE /* ScanAutomationControllerTests.swift */,
			);
			path = Camera;
			sourceTree = "<group>";
		};
		86C7E93528C74E2C8E110FBC /* Products */ = {
			isa = PBXGroup;
			children = (
				033A0F405BAED0AD130C9ABC /* ToughScan.app */,
				AC192AD5CF739A8CABE7A6E2 /* ToughScanTests.xctest */,
			);
			name = Products;
			sourceTree = "<group>";
		};
		90A5204393F05456F600CD5A /* Export */ = {
			isa = PBXGroup;
			children = (
				9DDEB07A883D9BB8B9FD9511 /* OriginalImagePDFRenderer.swift */,
				6902426514A12A56BC065815 /* RecomposedDocumentRenderer.swift */,
				A511DED11126783F6C195158 /* ScanExportBundle.swift */,
				E18A2234B6EF51EECA9A5F07 /* ScanExportModeAvailability.swift */,
				DEA34A48C82867A0735120BB /* ScanExportService.swift */,
			);
			path = Export;
			sourceTree = "<group>";
		};
		C493054EA36F5E18A1FD18A9 /* Export */ = {
			isa = PBXGroup;
			children = (
				FC46BEC6C02D52CCDBC4AA8F /* OriginalImagePDFRendererTests.swift */,
				D2335DF7B531AC208644D996 /* RecomposedDocumentRendererTests.swift */,
				0EF727542790FF3F411887D8 /* ScanExportModeAvailabilityTests.swift */,
				38D150155C8B36832194E9BD /* ScanExportServiceTests.swift */,
			);
			path = Export;
			sourceTree = "<group>";
		};
		D78127A970E549CDB8936DFF /* UI */ = {
			isa = PBXGroup;
			children = (
				E0784D7BCE7E9B827A482442 /* RootView.swift */,
				44457DE5F26B9959B2DF125B /* Review */,
				782E1716DBE759ADACE620BA /* Scan */,
				5F8EF8DF2136340F25626481 /* Shared */,
			);
			path = UI;
			sourceTree = "<group>";
		};
		F9FCC514BB8FC1656DA53503 /* App */ = {
			isa = PBXGroup;
			children = (
				225CE543C171F82E6E5634C3 /* ToughScanApp.swift */,
			);
			path = App;
			sourceTree = "<group>";
		};
/* End PBXGroup section */

/* Begin PBXNativeTarget section */
		68D7A4359E61A7F5372D1610 /* ToughScan */ = {
			isa = PBXNativeTarget;
			buildConfigurationList = E08348F9E0F370DBEF653C00 /* Build configuration list for PBXNativeTarget "ToughScan" */;
			buildPhases = (
				9B1A812B0FA3E75E0681DAAA /* Sources */,
				6D78D0940A12B3FE50A61E08 /* Frameworks */,
			);
			buildRules = (
			);
			dependencies = (
			);
			name = ToughScan;
			packageProductDependencies = (
				CC76BE126EA17E2305CA4442 /* ToughScanCore */,
			);
			productName = ToughScan;
			productReference = 033A0F405BAED0AD130C9ABC /* ToughScan.app */;
			productType = "com.apple.product-type.application";
		};
		6FFC4C3CA1DBD1BAEF27AECC /* ToughScanTests */ = {
			isa = PBXNativeTarget;
			buildConfigurationList = C090F9038D3C95C36513107B /* Build configuration list for PBXNativeTarget "ToughScanTests" */;
			buildPhases = (
				B9AE0DAD0DF53EEEC89FD08B /* Sources */,
				D61BB7BE6B713272AEB44184 /* Frameworks */,
			);
			buildRules = (
			);
			dependencies = (
			);
			name = ToughScanTests;
			packageProductDependencies = (
				14FD30A2EF9A3CDA810FF52F /* ToughScanCore */,
			);
			productName = ToughScanTests;
			productReference = AC192AD5CF739A8CABE7A6E2 /* ToughScanTests.xctest */;
			productType = "com.apple.product-type.bundle.unit-test";
		};
/* End PBXNativeTarget section */

/* Begin PBXProject section */
		BC62BF986F7A3218CA87E937 /* Project object */ = {
			isa = PBXProject;
			attributes = {
				BuildIndependentTargetsInParallel = YES;
				LastUpgradeCheck = 1430;
				TargetAttributes = {
				};
			};
			buildConfigurationList = 602B2B34BC0F04A7334538C0 /* Build configuration list for PBXProject "ToughScan" */;
			developmentRegion = en;
			hasScannedForEncodings = 0;
			knownRegions = (
				Base,
				en,
			);
			mainGroup = 21FEAF1ADDFD42A7B88B4E4F;
			minimizedProjectReferenceProxies = 1;
			packageReferences = (
				5FAE609EF9EE655724BEFA7D /* XCLocalSwiftPackageReference "." */,
			);
			preferredProjectObjectVersion = 77;
			productRefGroup = 86C7E93528C74E2C8E110FBC /* Products */;
			projectDirPath = "";
			projectRoot = "";
			targets = (
				68D7A4359E61A7F5372D1610 /* ToughScan */,
				6FFC4C3CA1DBD1BAEF27AECC /* ToughScanTests */,
			);
		};
/* End PBXProject section */

/* Begin PBXSourcesBuildPhase section */
		9B1A812B0FA3E75E0681DAAA /* Sources */ = {
			isa = PBXSourcesBuildPhase;
			buildActionMask = 2147483647;
			files = (
				9B9F8B04FB89E9CA12BFF8FF /* CameraControlState.swift in Sources */,
				C37EDDE0EA97A55BDB8FBE92 /* CameraPreviewView.swift in Sources */,
				612A0AE6390D8C680EF95BA8 /* CameraSessionController.swift in Sources */,
				8B31AC418F9A4F25F9A6BADA /* CaptureScoring.swift in Sources */,
				5E4EF76E9FE10CC31E4C0554 /* ConfidenceGridOverlay.swift in Sources */,
				32A6657218C7029318ADCDAB /* ConfidenceLegend.swift in Sources */,
				DCBB5B83BB27626A0AC43E28 /* ConfidenceStateStyle.swift in Sources */,
				FE826A459382AD3B66AD48CF /* CopyableTextPanel.swift in Sources */,
				B1887BA42AFAC7D3123ABB68 /* DocumentDetectionGeometryMapper.swift in Sources */,
				CB336133EF90C92F17040337 /* DocumentDetectionService.swift in Sources */,
				992622AA80A5763BD41A4F75 /* DocumentIntelligenceAvailability.swift in Sources */,
				E9441ACB0EAF6A975B7A2E4A /* DocumentIntelligenceNotes.swift in Sources */,
				3527FCE42E4CD2BB678305A2 /* DocumentIntelligenceRunCoordinator.swift in Sources */,
				52DD9BC802D7E1123FE81331 /* DocumentIntelligenceService.swift in Sources */,
				27395B660D657BA9E7D13A35 /* DocumentSnapshot.swift in Sources */,
				064F1809BBEA4CCD7E4A8DE8 /* ExportModePanel.swift in Sources */,
				1B23A6EFEF4D84A940CE826A /* FrameQualityAnalyzer.swift in Sources */,
				D634072555979826DBF2DA19 /* FrameQualityMetrics.swift in Sources */,
				BE20CE101D9DF0DCD8B31A17 /* ImageEnhancer.swift in Sources */,
				7E7801DB77FB50F9496A20B7 /* IntelligenceReviewPanel.swift in Sources */,
				99E6B6073939F9A99A6E3166 /* LensSmudgeDetector.swift in Sources */,
				9EAA8F52A9629D26C029A824 /* LiveScanView.swift in Sources */,
				544ABAEC05BDA8B297BC0FAC /* LiveTextImageView.swift in Sources */,
				A937D6F22D1A4E647CBEE137 /* NormalizedDocumentPreviewView.swift in Sources */,
				5923F010DC09587B6122EEFB /* OriginalImagePDFRenderer.swift in Sources */,
				B1D45212014BE17B33F88218 /* PageSetPanel.swift in Sources */,
				C546682E145CF0AFD5E857E7 /* PerspectiveNormalizer.swift in Sources */,
				62BA2710C48A0782F72A29DC /* RecognizedTextPanel.swift in Sources */,
				D6234B7A148390C60E090A9E /* RecomposedDocumentRenderer.swift in Sources */,
				11DF4FA95A61D6CD03A157A0 /* RecoveredTextCopyController.swift in Sources */,
				3812A01A67AB94EEB2EAB815 /* ReviewPageSet.swift in Sources */,
				630CF58ABAE455BEAB36621F /* ReviewTextSourceBuilder.swift in Sources */,
				6281A1A6349D8012E5487CC7 /* RootView.swift in Sources */,
				457E4ED7D69C6361B1A20654 /* ScanAutomationController.swift in Sources */,
				D874B86BE0CC3C9D908B9929 /* ScanExportBundle.swift in Sources */,
				329C4B927B0B380889DBA18B /* ScanExportModeAvailability.swift in Sources */,
				FEBF74C90CDDD0409375420B /* ScanExportService.swift in Sources */,
				4DB430FE93822A676B8B08CC /* ScanFrameProcessor.swift in Sources */,
				EAD69784B34FE24E96952D8D /* ScanMessageCoordinator.swift in Sources */,
				50FDF4808E337C70194E5712 /* ScanReviewState.swift in Sources */,
				FD8D89EEA9734C917220A601 /* ScanReviewView.swift in Sources */,
				8EF7DA9581DDB66B9B71A56E /* ScannedPage.swift in Sources */,
				9881609C2A09EC657C826B9A /* ShareSheetView.swift in Sources */,
				193404B4408A950C8FDAAF50 /* StructuredDocument.swift in Sources */,
				4A76A1B0CA2FE93144BEE586 /* StructuredDocumentPanel.swift in Sources */,
				B1FF73ADDD5466F0C4098F97 /* StructuredDocumentRecognitionCoordinator.swift in Sources */,
				52A4F76CC33B4934E73FB99D /* StructuredDocumentRecognitionService.swift in Sources */,
				B379EE00D1FA4B5AD869412F /* TextLineConfidenceOverlay.swift in Sources */,
				9093CC2976516591AC0BBA89 /* TextRecognitionService.swift in Sources */,
				CA1E6CBA47370D0B07CB5592 /* ToughScanApp.swift in Sources */,
				59697D95F85AE6ECF83622FB /* VisualDocumentBitmap.swift in Sources */,
				EAC3D7B7936407439C949528 /* VisualDocumentInkMaskBuilder.swift in Sources */,
				856C74336BEC3F4A1DC7ACBF /* VisualDocumentOCRExclusionMask.swift in Sources */,
				88343E6F916BA250DF03664F /* VisualDocumentRegion.swift in Sources */,
				5AAFAE470663931BF5F7EBC3 /* VisualDocumentRegionCandidateFilter.swift in Sources */,
				E75AE1F2E66E23E0D56C07D5 /* VisualDocumentRegionDetectionCoordinator.swift in Sources */,
				87BC2F25C93420AF332766D2 /* VisualDocumentRegionDetectionService.swift in Sources */,
				09E03A547233D5BDA512A73A /* VisualDocumentRegionDetector.swift in Sources */,
				3191B79DEF850FF4E1C2484C /* VisualInkComponent.swift in Sources */,
				5B50D7095FBA70AC842C841F /* VisualInkComponentFinder.swift in Sources */,
				FE65C2381D5C5DC24E4DD02E /* VisualMarksPanel.swift in Sources */,
			);
			runOnlyForDeploymentPostprocessing = 0;
		};
		B9AE0DAD0DF53EEEC89FD08B /* Sources */ = {
			isa = PBXSourcesBuildPhase;
			buildActionMask = 2147483647;
			files = (
				5DD361B545CF6A7BA6499E92 /* CameraControlState.swift in Sources */,
				BD390354DE2ABAC55EDB0FFD /* CameraControlStateTests.swift in Sources */,
				F912C5E54F1BF7033AD49086 /* CaptureScoring.swift in Sources */,
				B119E0629A3689E66ED297DF /* DocumentDetectionGeometryMapper.swift in Sources */,
				02CA84D7543255C2C03CD422 /* DocumentDetectionGeometryMapperTests.swift in Sources */,
				DC22472FBFC8B108A117E1B1 /* DocumentIntelligenceAvailability.swift in Sources */,
				DC55FD6DF1E7DC5889EFAD4D /* DocumentIntelligenceAvailabilityTests.swift in Sources */,
				E96F37C8495D18FBEAB87221 /* DocumentIntelligenceNotes.swift in Sources */,
				4378DFDD210D46A8E712F997 /* DocumentIntelligenceNotesTests.swift in Sources */,
				F91918074E366091B85C36C5 /* DocumentIntelligenceRunCoordinator.swift in Sources */,
				F4B14E130677B0B0EC014FAF /* DocumentIntelligenceRunCoordinatorTests.swift in Sources */,
				1EC95E4742E840EE6EB244C5 /* DocumentIntelligenceService.swift in Sources */,
				679FE30C3539B3E8C957FBDB /* DocumentIntelligenceServiceTests.swift in Sources */,
				DD2A7676776C7DC9712AFD0D /* DocumentSnapshot.swift in Sources */,
				9DC0974CEC7431D59A65A4ED /* DocumentSnapshotTests.swift in Sources */,
				2915244E225E3D311A06A6C9 /* FrameQualityAnalyzer.swift in Sources */,
				D42A0864DBCF55E6B5B8F64A /* FrameQualityAnalyzerTests.swift in Sources */,
				D34759BBAD7D5916EE15B810 /* FrameQualityMetrics.swift in Sources */,
				BD4479157C68A778F3A9C87D /* ImageEnhancer.swift in Sources */,
				A98988512A41ADD6A562102B /* ImageEnhancerTests.swift in Sources */,
				E0AACAF809C30773343FC05E /* LensSmudgeDetector.swift in Sources */,
				DC1238854A462483421520B6 /* OriginalImagePDFRenderer.swift in Sources */,
				6B28E0218255B2A946A0E9B4 /* OriginalImagePDFRendererTests.swift in Sources */,
				A4EC6FE32ACE05D9BB797063 /* RecomposedDocumentRenderer.swift in Sources */,
				53C257D4FAF362FB96C56AE1 /* RecomposedDocumentRendererTests.swift in Sources */,
				85DA3063F4F1B223AA0A1E3C /* RecoveredTextCopyController.swift in Sources */,
				CA33FC412BD41D0961A7EAEA /* RecoveredTextCopyControllerTests.swift in Sources */,
				231D7CC1BA73079C68875B07 /* ReviewPageSet.swift in Sources */,
				54A73D8EC1EAC302B2C99652 /* ReviewPageSetTests.swift in Sources */,
				56F5F81B2F865F46A9D11A9A /* ReviewTextSourceBuilder.swift in Sources */,
				AFE16BD049A58D455C9508A7 /* ReviewTextSourceBuilderTests.swift in Sources */,
				675DF4BE58200473AEA83E5F /* ScanAutomationController.swift in Sources */,
				E74B6325BB1CC207A58F8FF8 /* ScanAutomationControllerTests.swift in Sources */,
				C006D5BE919E1E2747B19F5F /* ScanExportBundle.swift in Sources */,
				5902BB6263118DAEE65F6575 /* ScanExportModeAvailability.swift in Sources */,
				23E777A50A32DF3046B731F1 /* ScanExportModeAvailabilityTests.swift in Sources */,
				6F0AB09F2DB13F3E50B4427A /* ScanExportService.swift in Sources */,
				C0D0230273F1FB0B32FCB98C /* ScanExportServiceTests.swift in Sources */,
				EEC9D6FF89A4E4BF071D78A2 /* ScanMessageCoordinator.swift in Sources */,
				F4015C72A01CF9EF9687C3B5 /* ScanMessageCoordinatorTests.swift in Sources */,
				28562DD79D9EAB33278177FF /* ScanReviewState.swift in Sources */,
				DC16E83CE99762C0134B7A8B /* ScanReviewStateTests.swift in Sources */,
				28365114806EB29739E45EFB /* ScannedPage.swift in Sources */,
				4146404F706602A59318BD2B /* StructuredDocument.swift in Sources */,
				971837B0B26FA8C128BD85E9 /* StructuredDocumentRecognitionCoordinator.swift in Sources */,
				CEDDCADF74EB64814C2D4188 /* StructuredDocumentRecognitionCoordinatorTests.swift in Sources */,
				2B696AADB91146E439692099 /* StructuredDocumentTests.swift in Sources */,
				123330114C57E51761208674 /* VisualDocumentBitmap.swift in Sources */,
				CE3941839513637447916AB0 /* VisualDocumentInkMaskBuilder.swift in Sources */,
				7F114276D191DAC3EB04B904 /* VisualDocumentOCRExclusionMask.swift in Sources */,
				87B69E23BEFC91D5D32ADB1C /* VisualDocumentRegion.swift in Sources */,
				171FB596FE83BF3FEF4AB446 /* VisualDocumentRegionCandidateFilter.swift in Sources */,
				F04E8452401D0D34961E0737 /* VisualDocumentRegionDetectionCoordinator.swift in Sources */,
				9CEA2D56C9DBA5150C1BBD88 /* VisualDocumentRegionDetectionCoordinatorTests.swift in Sources */,
				FAF3689ADE3AD5BF31AC7342 /* VisualDocumentRegionDetectionService.swift in Sources */,
				5EBE9B346E95533171BDCCE0 /* VisualDocumentRegionDetectionServiceTests.swift in Sources */,
				2E534F25864D2AA263D9ED0C /* VisualDocumentRegionDetector.swift in Sources */,
				56495695C04F3B64FA2D8A74 /* VisualDocumentRegionDetectorTests.swift in Sources */,
				67AE2E12686F27600634A8A9 /* VisualInkComponent.swift in Sources */,
				4198F73CBEADFE7AA1C5AA19 /* VisualInkComponentFinder.swift in Sources */,
			);
			runOnlyForDeploymentPostprocessing = 0;
		};
/* End PBXSourcesBuildPhase section */

/* Begin XCBuildConfiguration section */
		17D219B342B48072DC4519BB /* Release */ = {
			isa = XCBuildConfiguration;
			buildSettings = {
				ALWAYS_SEARCH_USER_PATHS = NO;
				CLANG_ANALYZER_NONNULL = YES;
				CLANG_ANALYZER_NUMBER_OBJECT_CONVERSION = YES_AGGRESSIVE;
				CLANG_CXX_LANGUAGE_STANDARD = "gnu++14";
				CLANG_CXX_LIBRARY = "libc++";
				CLANG_ENABLE_MODULES = YES;
				CLANG_ENABLE_OBJC_ARC = YES;
				CLANG_ENABLE_OBJC_WEAK = YES;
				CLANG_WARN_BLOCK_CAPTURE_AUTORELEASING = YES;
				CLANG_WARN_BOOL_CONVERSION = YES;
				CLANG_WARN_COMMA = YES;
				CLANG_WARN_CONSTANT_CONVERSION = YES;
				CLANG_WARN_DEPRECATED_OBJC_IMPLEMENTATIONS = YES;
				CLANG_WARN_DIRECT_OBJC_ISA_USAGE = YES_ERROR;
				CLANG_WARN_DOCUMENTATION_COMMENTS = YES;
				CLANG_WARN_EMPTY_BODY = YES;
				CLANG_WARN_ENUM_CONVERSION = YES;
				CLANG_WARN_INFINITE_RECURSION = YES;
				CLANG_WARN_INT_CONVERSION = YES;
				CLANG_WARN_NON_LITERAL_NULL_CONVERSION = YES;
				CLANG_WARN_OBJC_IMPLICIT_RETAIN_SELF = YES;
				CLANG_WARN_OBJC_LITERAL_CONVERSION = YES;
				CLANG_WARN_OBJC_ROOT_CLASS = YES_ERROR;
				CLANG_WARN_QUOTED_INCLUDE_IN_FRAMEWORK_HEADER = YES;
				CLANG_WARN_RANGE_LOOP_ANALYSIS = YES;
				CLANG_WARN_STRICT_PROTOTYPES = YES;
				CLANG_WARN_SUSPICIOUS_MOVE = YES;
				CLANG_WARN_UNGUARDED_AVAILABILITY = YES_AGGRESSIVE;
				CLANG_WARN_UNREACHABLE_CODE = YES;
				CLANG_WARN__DUPLICATE_METHOD_MATCH = YES;
				COPY_PHASE_STRIP = NO;
				DEBUG_INFORMATION_FORMAT = "dwarf-with-dsym";
				ENABLE_NS_ASSERTIONS = NO;
				ENABLE_STRICT_OBJC_MSGSEND = YES;
				GCC_C_LANGUAGE_STANDARD = gnu11;
				GCC_NO_COMMON_BLOCKS = YES;
				GCC_WARN_64_TO_32_BIT_CONVERSION = YES;
				GCC_WARN_ABOUT_RETURN_TYPE = YES_ERROR;
				GCC_WARN_UNDECLARED_SELECTOR = YES;
				GCC_WARN_UNINITIALIZED_AUTOS = YES_AGGRESSIVE;
				GCC_WARN_UNUSED_FUNCTION = YES;
				GCC_WARN_UNUSED_VARIABLE = YES;
				IPHONEOS_DEPLOYMENT_TARGET = 26.0;
				MTL_ENABLE_DEBUG_INFO = NO;
				MTL_FAST_MATH = YES;
				PRODUCT_NAME = "$(TARGET_NAME)";
				SDKROOT = iphoneos;
				SWIFT_COMPILATION_MODE = wholemodule;
				SWIFT_OPTIMIZATION_LEVEL = "-O";
				SWIFT_VERSION = 5.0;
			};
			name = Release;
		};
		63A074D41179890F6B1E7989 /* Debug */ = {
			isa = XCBuildConfiguration;
			buildSettings = {
				ALWAYS_SEARCH_USER_PATHS = NO;
				CLANG_ANALYZER_NONNULL = YES;
				CLANG_ANALYZER_NUMBER_OBJECT_CONVERSION = YES_AGGRESSIVE;
				CLANG_CXX_LANGUAGE_STANDARD = "gnu++14";
				CLANG_CXX_LIBRARY = "libc++";
				CLANG_ENABLE_MODULES = YES;
				CLANG_ENABLE_OBJC_ARC = YES;
				CLANG_ENABLE_OBJC_WEAK = YES;
				CLANG_WARN_BLOCK_CAPTURE_AUTORELEASING = YES;
				CLANG_WARN_BOOL_CONVERSION = YES;
				CLANG_WARN_COMMA = YES;
				CLANG_WARN_CONSTANT_CONVERSION = YES;
				CLANG_WARN_DEPRECATED_OBJC_IMPLEMENTATIONS = YES;
				CLANG_WARN_DIRECT_OBJC_ISA_USAGE = YES_ERROR;
				CLANG_WARN_DOCUMENTATION_COMMENTS = YES;
				CLANG_WARN_EMPTY_BODY = YES;
				CLANG_WARN_ENUM_CONVERSION = YES;
				CLANG_WARN_INFINITE_RECURSION = YES;
				CLANG_WARN_INT_CONVERSION = YES;
				CLANG_WARN_NON_LITERAL_NULL_CONVERSION = YES;
				CLANG_WARN_OBJC_IMPLICIT_RETAIN_SELF = YES;
				CLANG_WARN_OBJC_LITERAL_CONVERSION = YES;
				CLANG_WARN_OBJC_ROOT_CLASS = YES_ERROR;
				CLANG_WARN_QUOTED_INCLUDE_IN_FRAMEWORK_HEADER = YES;
				CLANG_WARN_RANGE_LOOP_ANALYSIS = YES;
				CLANG_WARN_STRICT_PROTOTYPES = YES;
				CLANG_WARN_SUSPICIOUS_MOVE = YES;
				CLANG_WARN_UNGUARDED_AVAILABILITY = YES_AGGRESSIVE;
				CLANG_WARN_UNREACHABLE_CODE = YES;
				CLANG_WARN__DUPLICATE_METHOD_MATCH = YES;
				COPY_PHASE_STRIP = NO;
				DEBUG_INFORMATION_FORMAT = dwarf;
				ENABLE_STRICT_OBJC_MSGSEND = YES;
				ENABLE_TESTABILITY = YES;
				GCC_C_LANGUAGE_STANDARD = gnu11;
				GCC_DYNAMIC_NO_PIC = NO;
				GCC_NO_COMMON_BLOCKS = YES;
				GCC_OPTIMIZATION_LEVEL = 0;
				GCC_PREPROCESSOR_DEFINITIONS = (
					"$(inherited)",
					"DEBUG=1",
				);
				GCC_WARN_64_TO_32_BIT_CONVERSION = YES;
				GCC_WARN_ABOUT_RETURN_TYPE = YES_ERROR;
				GCC_WARN_UNDECLARED_SELECTOR = YES;
				GCC_WARN_UNINITIALIZED_AUTOS = YES_AGGRESSIVE;
				GCC_WARN_UNUSED_FUNCTION = YES;
				GCC_WARN_UNUSED_VARIABLE = YES;
				IPHONEOS_DEPLOYMENT_TARGET = 26.0;
				MTL_ENABLE_DEBUG_INFO = INCLUDE_SOURCE;
				MTL_FAST_MATH = YES;
				ONLY_ACTIVE_ARCH = YES;
				PRODUCT_NAME = "$(TARGET_NAME)";
				SDKROOT = iphoneos;
				SWIFT_ACTIVE_COMPILATION_CONDITIONS = DEBUG;
				SWIFT_OPTIMIZATION_LEVEL = "-Onone";
				SWIFT_VERSION = 5.0;
			};
			name = Debug;
		};
		7F14F228AA8ACC5F1655FCF9 /* Debug */ = {
			isa = XCBuildConfiguration;
			buildSettings = {
				BUNDLE_LOADER = "";
				GENERATE_INFOPLIST_FILE = YES;
				LD_RUNPATH_SEARCH_PATHS = (
					"$(inherited)",
					"@executable_path/Frameworks",
					"@loader_path/Frameworks",
				);
				PRODUCT_BUNDLE_IDENTIFIER = com.local.toughscan.tests;
				SDKROOT = iphoneos;
				SWIFT_VERSION = 5.1;
				TARGETED_DEVICE_FAMILY = "1,2";
				TEST_HOST = "";
			};
			name = Debug;
		};
		84CE9DFF6C13946563A39629 /* Debug */ = {
			isa = XCBuildConfiguration;
			buildSettings = {
				ASSETCATALOG_COMPILER_APPICON_NAME = AppIcon;
				CODE_SIGN_IDENTITY = "iPhone Developer";
				INFOPLIST_FILE = ToughScan/Info.plist;
				INFOPLIST_KEY_NSCameraUsageDescription = "Tough Scan uses the camera to progressively recover hard-to-read text documents. Processing stays on this iPhone.";
				INFOPLIST_KEY_NSPhotoLibraryAddUsageDescription = "Tough Scan can save exported scans only when you choose to export them.";
				INFOPLIST_KEY_UILaunchScreen_Generation = YES;
				LD_RUNPATH_SEARCH_PATHS = (
					"$(inherited)",
					"@executable_path/Frameworks",
				);
				PRODUCT_BUNDLE_IDENTIFIER = com.local.toughscan;
				PRODUCT_NAME = "Tough Scan";
				SDKROOT = iphoneos;
				SWIFT_VERSION = 5.1;
				TARGETED_DEVICE_FAMILY = 1;
			};
			name = Debug;
		};
		8B2578EEAEF5BDBD6D6D1080 /* Release */ = {
			isa = XCBuildConfiguration;
			buildSettings = {
				BUNDLE_LOADER = "";
				GENERATE_INFOPLIST_FILE = YES;
				LD_RUNPATH_SEARCH_PATHS = (
					"$(inherited)",
					"@executable_path/Frameworks",
					"@loader_path/Frameworks",
				);
				PRODUCT_BUNDLE_IDENTIFIER = com.local.toughscan.tests;
				SDKROOT = iphoneos;
				SWIFT_VERSION = 5.1;
				TARGETED_DEVICE_FAMILY = "1,2";
				TEST_HOST = "";
			};
			name = Release;
		};
		9F16ED7B1DA4F31BB54DC27A /* Release */ = {
			isa = XCBuildConfiguration;
			buildSettings = {
				ASSETCATALOG_COMPILER_APPICON_NAME = AppIcon;
				CODE_SIGN_IDENTITY = "iPhone Developer";
				INFOPLIST_FILE = ToughScan/Info.plist;
				INFOPLIST_KEY_NSCameraUsageDescription = "Tough Scan uses the camera to progressively recover hard-to-read text documents. Processing stays on this iPhone.";
				INFOPLIST_KEY_NSPhotoLibraryAddUsageDescription = "Tough Scan can save exported scans only when you choose to export them.";
				INFOPLIST_KEY_UILaunchScreen_Generation = YES;
				LD_RUNPATH_SEARCH_PATHS = (
					"$(inherited)",
					"@executable_path/Frameworks",
				);
				PRODUCT_BUNDLE_IDENTIFIER = com.local.toughscan;
				PRODUCT_NAME = "Tough Scan";
				SDKROOT = iphoneos;
				SWIFT_VERSION = 5.1;
				TARGETED_DEVICE_FAMILY = 1;
			};
			name = Release;
		};
/* End XCBuildConfiguration section */

/* Begin XCConfigurationList section */
		602B2B34BC0F04A7334538C0 /* Build configuration list for PBXProject "ToughScan" */ = {
			isa = XCConfigurationList;
			buildConfigurations = (
				63A074D41179890F6B1E7989 /* Debug */,
				17D219B342B48072DC4519BB /* Release */,
			);
			defaultConfigurationIsVisible = 0;
			defaultConfigurationName = Debug;
		};
		C090F9038D3C95C36513107B /* Build configuration list for PBXNativeTarget "ToughScanTests" */ = {
			isa = XCConfigurationList;
			buildConfigurations = (
				7F14F228AA8ACC5F1655FCF9 /* Debug */,
				8B2578EEAEF5BDBD6D6D1080 /* Release */,
			);
			defaultConfigurationIsVisible = 0;
			defaultConfigurationName = Debug;
		};
		E08348F9E0F370DBEF653C00 /* Build configuration list for PBXNativeTarget "ToughScan" */ = {
			isa = XCConfigurationList;
			buildConfigurations = (
				84CE9DFF6C13946563A39629 /* Debug */,
				9F16ED7B1DA4F31BB54DC27A /* Release */,
			);
			defaultConfigurationIsVisible = 0;
			defaultConfigurationName = Debug;
		};
/* End XCConfigurationList section */

/* Begin XCLocalSwiftPackageReference section */
		5FAE609EF9EE655724BEFA7D /* XCLocalSwiftPackageReference "." */ = {
			isa = XCLocalSwiftPackageReference;
			relativePath = .;
		};
/* End XCLocalSwiftPackageReference section */

/* Begin XCSwiftPackageProductDependency section */
		14FD30A2EF9A3CDA810FF52F /* ToughScanCore */ = {
			isa = XCSwiftPackageProductDependency;
			productName = ToughScanCore;
		};
		CC76BE126EA17E2305CA4442 /* ToughScanCore */ = {
			isa = XCSwiftPackageProductDependency;
			productName = ToughScanCore;
		};
/* End XCSwiftPackageProductDependency section */
	};
	rootObject = BC62BF986F7A3218CA87E937 /* Project object */;
}
